PODS:
  - CocoaLumberjack (3.4.2):
    - CocoaLumberjack/Default (= 3.4.2)
    - CocoaLumberjack/Extensions (= 3.4.2)
  - CocoaLumberjack/Default (3.4.2)
  - CocoaLumberjack/Extensions (3.4.2):
    - CocoaLumberjack/Default
  - Masonry (1.1.0)
  - MJRefresh (3.1.15.3)
  - SIDefine (0.1.7):
    - CocoaLumberjack
  - SITheme (0.1.3):
    - Masonry
  - SIUIKit (0.1.30):
    - Masonry
    - MJRefresh
    - SIDefine
    - SITheme
    - YCEasyTool
    - YYKit
  - YCEasyTool (0.2.4):
    - YCEasyTool/Forever (= 0.2.4)
    - YCEasyTool/Polling (= 0.2.4)
    - YCEasyTool/Property (= 0.2.4)
    - YCEasyTool/Tools (= 0.2.4)
    - YCEasyTool/UI (= 0.2.4)
  - YCEasyTool/Forever (0.2.4):
    - YCEasyTool/Property
  - YCEasyTool/Polling (0.2.4)
  - YCEasyTool/Property (0.2.4)
  - YCEasyTool/Tools (0.2.4)
  - YCEasyTool/UI (0.2.4):
    - YCEasyTool/UI/CollectionView (= 0.2.4)
    - YCEasyTool/UI/Grid (= 0.2.4)
    - YCEasyTool/UI/PopMenu (= 0.2.4)
    - YCEasyTool/UI/Segment (= 0.2.4)
    - YCEasyTool/UI/TabBarController (= 0.2.4)
    - YCEasyTool/UI/TreeMenu (= 0.2.4)
  - YCEasyTool/UI/CollectionView (0.2.4)
  - YCEasyTool/UI/Grid (0.2.4):
    - YCEasyTool/Tools
    - YCEasyTool/UI/CollectionView
  - YCEasyTool/UI/PopMenu (0.2.4)
  - YCEasyTool/UI/Segment (0.2.4)
  - YCEasyTool/UI/TabBarController (0.2.4)
  - YCEasyTool/UI/TreeMenu (0.2.4)
  - YYKit (1.0.9):
    - YYKit/no-arc (= 1.0.9)
  - YYKit/no-arc (1.0.9)

DEPENDENCIES:
  - SIUIKit (from `../`)

SPEC REPOS:
  "git@git.superid.cn:iOS/SISpecs.git":
    - SIDefine
    - SITheme
  https://github.com/CocoaPods/Specs.git:
    - CocoaLumberjack
    - Masonry
    - MJRefresh
    - YCEasyTool
    - YYKit

EXTERNAL SOURCES:
  SIUIKit:
    :path: "../"

SPEC CHECKSUMS:
  CocoaLumberjack: db7cc9e464771f12054c22ff6947c5a58d43a0fd
  Masonry: 678fab65091a9290e40e2832a55e7ab731aad201
  MJRefresh: b48380ae2b927b46c4ef000de9adb8dc748e1df7
  SIDefine: 09edc367025519df772777aa9b64710973b9328d
  SITheme: 990c82d696d5f72ccbd326185e1cf06a2e7c566d
  SIUIKit: 4974e3445b336db0c4e8507fdedd92f4175ea03a
  YCEasyTool: b2c63ded39fa586b129682abf03519c2849bd8b4
  YYKit: 7cda43304a8dc3696c449041e2cb3107b4e236e7

PODFILE CHECKSUM: c3e2c52b4762c3a2cfc6fff627ffd01f016d4d26

COCOAPODS: 1.5.0
