PODS:
  - Masonry (1.1.0)
  - SIUIKit (0.1.15):
    - Masonry

DEPENDENCIES:
  - SIUIKit (from `../`)

EXTERNAL SOURCES:
  SIUIKit:
    :path: ../

SPEC CHECKSUMS:
  Masonry: 678fab65091a9290e40e2832a55e7ab731aad201
  SIUIKit: 2ac23d33686d6046921aac519f6c744539332685

PODFILE CHECKSUM: 1b8104e93af5dd20d2a12ef5ea2e39bbfc04599e

COCOAPODS: 1.4.0
