PODS:
  - CocoaLumberjack (3.6.2):
    - CocoaLumberjack/Core (= 3.6.2)
  - CocoaLumberjack/Core (3.6.2)
  - Masonry (1.1.0)
  - MJRefresh (3.5.0)
  - SIDefine/Pure (0.1.73):
    - CocoaLumberjack
  - SITheme (0.1.12):
    - Masonry
  - SIUIKit (0.2.1):
    - SIUIKit/All (= 0.2.1)
  - SIUIKit/All (0.2.1):
    - Masonry
    - MJRefresh
    - SIDefine/Pure
    - SITheme
    - YCEasyTool
    - YYKit
  - YCEasyTool (0.2.25):
    - YCEasyTool/Forever (= 0.2.25)
    - YCEasyTool/Polling (= 0.2.25)
    - YCEasyTool/Property (= 0.2.25)
    - YCEasyTool/Tools (= 0.2.25)
    - YCEasyTool/UI (= 0.2.25)
  - YCEasyTool/Forever (0.2.25):
    - YCEasyTool/Property
  - YCEasyTool/Polling (0.2.25)
  - YCEasyTool/Property (0.2.25)
  - YCEasyTool/Tools (0.2.25)
  - YCEasyTool/UI (0.2.25):
    - YCEasyTool/UI/CollectionView (= 0.2.25)
    - YCEasyTool/UI/Grid (= 0.2.25)
    - YCEasyTool/UI/PopMenu (= 0.2.25)
    - YCEasyTool/UI/Segment (= 0.2.25)
    - YCEasyTool/UI/TabBarController (= 0.2.25)
    - YCEasyTool/UI/TreeMenu (= 0.2.25)
  - YCEasyTool/UI/CollectionView (0.2.25)
  - YCEasyTool/UI/Grid (0.2.25):
    - YCEasyTool/Tools
    - YCEasyTool/UI/CollectionView
  - YCEasyTool/UI/PopMenu (0.2.25)
  - YCEasyTool/UI/Segment (0.2.25)
  - YCEasyTool/UI/TabBarController (0.2.25)
  - YCEasyTool/UI/TreeMenu (0.2.25)
  - YYKit (2.0.15):
    - YYKit/no-arc (= 2.0.15)
  - YYKit/no-arc (2.0.15)

DEPENDENCIES:
  - SIUIKit (from `../`)

SPEC REPOS:
  "git@git.superid.cn:iOS/SISpecs.git":
    - SIDefine
    - SITheme
    - YYKit
  https://github.com/CocoaPods/Specs.git:
    - CocoaLumberjack
    - Masonry
    - MJRefresh
    - YCEasyTool

EXTERNAL SOURCES:
  SIUIKit:
    :path: "../"

SPEC CHECKSUMS:
  CocoaLumberjack: bd155f2dd06c0e0b03f876f7a3ee55693122ec94
  Masonry: 678fab65091a9290e40e2832a55e7ab731aad201
  MJRefresh: 6afc955813966afb08305477dd7a0d9ad5e79a16
  SIDefine: c41129858725bd40be94c4eea9e6041a3ecf25b1
  SITheme: ba6af9ea3f003d21e0a8a599a7bcf93940b08c52
  SIUIKit: 5a48b8c77e167ed42263724447bb944b8e028bef
  YCEasyTool: 2a228b5f75fd15d92010103b9e5eb3205ac2cb36
  YYKit: 7609c2a3516cb0fd6f13da7bfa3188029a83863b

PODFILE CHECKSUM: c3e2c52b4762c3a2cfc6fff627ffd01f016d4d26

COCOAPODS: 1.9.3
